
Microsoft Visual Studio Solution File, Format Version 12.00
# Visual Studio Version 17
VisualStudioVersion = 17.10.35027.167
MinimumVisualStudioVersion = 10.0.40219.1
Project("{FAE04EC0-301F-11D3-BF4B-00C04F79EFBC}") = "test-google-doc", "test-google-doc.csproj", "{8D6CBBAC-A87A-4D97-BF9E-2ABBF662461A}"
EndProject
Global
	GlobalSection(SolutionConfigurationPlatforms) = preSolution
		Debug|Any CPU = Debug|Any CPU
		Release|Any CPU = Release|Any CPU
	EndGlobalSection
	GlobalSection(ProjectConfigurationPlatforms) = postSolution
		{8D6CBBAC-A87A-4D97-BF9E-2ABBF662461A}.Debug|Any CPU.ActiveCfg = Debug|Any CPU
		{8D6CBBAC-A87A-4D97-BF9E-2ABBF662461A}.Debug|Any CPU.Build.0 = Debug|Any CPU
		{8D6CBBAC-A87A-4D97-BF9E-2ABBF662461A}.Release|Any CPU.ActiveCfg = Release|Any CPU
		{8D6CBBAC-A87A-4D97-BF9E-2ABBF662461A}.Release|Any CPU.Build.0 = Release|Any CPU
	EndGlobalSection
	GlobalSection(SolutionProperties) = preSolution
		HideSolutionNode = FALSE
	EndGlobalSection
	GlobalSection(ExtensibilityGlobals) = postSolution
		SolutionGuid = {67638D85-2DC8-4388-84E3-DEFA96624A95}
	EndGlobalSection
EndGlobal
